
Microsoft Visual Studio Solution File, Format Version 12.00
# Visual Studio Version 16
VisualStudioVersion = 16.0.31205.134
MinimumVisualStudioVersion = 10.0.40219.1
Project("{FAE04EC0-301F-11D3-BF4B-00C04F79EFBC}") = "JsonToDictionary", "JsonToDictionary\JsonToDictionary.csproj", "{E3D25350-55EC-4FD1-B795-E3F64DD3D2E2}"
EndProject
Global
	GlobalSection(SolutionConfigurationPlatforms) = preSolution
		Debug|Any CPU = Debug|Any CPU
		Release|Any CPU = Release|Any CPU
	EndGlobalSection
	GlobalSection(ProjectConfigurationPlatforms) = postSolution
		{E3D25350-55EC-4FD1-B795-E3F64DD3D2E2}.Debug|Any CPU.ActiveCfg = Debug|Any CPU
		{E3D25350-55EC-4FD1-B795-E3F64DD3D2E2}.Debug|Any CPU.Build.0 = Debug|Any CPU
		{E3D25350-55EC-4FD1-B795-E3F64DD3D2E2}.Release|Any CPU.ActiveCfg = Release|Any CPU
		{E3D25350-55EC-4FD1-B795-E3F64DD3D2E2}.Release|Any CPU.Build.0 = Release|Any CPU
	EndGlobalSection
	GlobalSection(SolutionProperties) = preSolution
		HideSolutionNode = FALSE
	EndGlobalSection
	GlobalSection(ExtensibilityGlobals) = postSolution
		SolutionGuid = {AD6663D9-20FE-4634-9CDD-FC38964F51B1}
	EndGlobalSection
EndGlobal
